{
  "object": {
    "pins": [
      {
        "package": "INI",
        "repositoryURL": "https://github.com/Bouke/INI",
        "state": {
          "branch": null,
          "revision": "60b7887c6f4051e5cb76b5faa0a7d6db510ddcb0",
          "version": "1.2.0"
        }
      },
      {
        "package": "Progress",
        "repositoryURL": "https://github.com/jkandzi/Progress.swift",
        "state": {
          "branch": null,
          "revision": "fed6598735d7982058690acf8f52a0a5fdaeb3e0",
          "version": "0.4.0"
        }
      },
      {
        "package": "swift-argument-parser",
        "repositoryURL": "https://github.com/apple/swift-argument-parser",
        "state": {
          "branch": null,
          "revision": "3d79b2b5a2e5af52c14e462044702ea7728f5770",
          "version": "0.1.0"
        }
      }
    ]
  },
  "version": 1
}
